
Microsoft Visual Studio Solution File, Format Version 12.00
# Visual Studio Version 16
VisualStudioVersion = 16.0.30717.126
MinimumVisualStudioVersion = 10.0.40219.1
Project("{FAE04EC0-301F-11D3-BF4B-00C04F79EFBC}") = "FlowerMadness", "FlowerMadness\FlowerMadness.csproj", "{C95ACE73-E8C6-4D51-B3CA-4F62DD89C44A}"
EndProject
Project("{FAE04EC0-301F-11D3-BF4B-00C04F79EFBC}") = "DAL", "DAL\DAL.csproj", "{F7BBBD67-E0E0-43D4-A71B-7F869866B560}"
EndProject
Global
	GlobalSection(SolutionConfigurationPlatforms) = preSolution
		Debug|Any CPU = Debug|Any CPU
		Release|Any CPU = Release|Any CPU
	EndGlobalSection
	GlobalSection(ProjectConfigurationPlatforms) = postSolution
		{C95ACE73-E8C6-4D51-B3CA-4F62DD89C44A}.Debug|Any CPU.ActiveCfg = Debug|Any CPU
		{C95ACE73-E8C6-4D51-B3CA-4F62DD89C44A}.Debug|Any CPU.Build.0 = Debug|Any CPU
		{C95ACE73-E8C6-4D51-B3CA-4F62DD89C44A}.Release|Any CPU.ActiveCfg = Release|Any CPU
		{C95ACE73-E8C6-4D51-B3CA-4F62DD89C44A}.Release|Any CPU.Build.0 = Release|Any CPU
		{F7BBBD67-E0E0-43D4-A71B-7F869866B560}.Debug|Any CPU.ActiveCfg = Debug|Any CPU
		{F7BBBD67-E0E0-43D4-A71B-7F869866B560}.Debug|Any CPU.Build.0 = Debug|Any CPU
		{F7BBBD67-E0E0-43D4-A71B-7F869866B560}.Release|Any CPU.ActiveCfg = Release|Any CPU
		{F7BBBD67-E0E0-43D4-A71B-7F869866B560}.Release|Any CPU.Build.0 = Release|Any CPU
	EndGlobalSection
	GlobalSection(SolutionProperties) = preSolution
		HideSolutionNode = FALSE
	EndGlobalSection
	GlobalSection(ExtensibilityGlobals) = postSolution
		SolutionGuid = {0DADE714-23AE-4773-87E0-9BC9FDF93D54}
	EndGlobalSection
EndGlobal
